
Microsoft Visual Studio Solution File, Format Version 12.00
# Visual Studio Version 16
VisualStudioVersion = 16.0.808.4
MinimumVisualStudioVersion = 10.0.40219.1
Project("{FAE04EC0-301F-11D3-BF4B-00C04F79EFBC}") = "Template", "Template.csproj", "{4AB496D0-7202-4073-B20B-D0E186BCDD66}"
EndProject
Global
	GlobalSection(SolutionConfigurationPlatforms) = preSolution
		Debug|Any CPU = Debug|Any CPU
		Release|Any CPU = Release|Any CPU
	EndGlobalSection
	GlobalSection(ProjectConfigurationPlatforms) = postSolution
		{4AB496D0-7202-4073-B20B-D0E186BCDD66}.Debug|Any CPU.ActiveCfg = Debug|Any CPU
		{4AB496D0-7202-4073-B20B-D0E186BCDD66}.Debug|Any CPU.Build.0 = Debug|Any CPU
		{4AB496D0-7202-4073-B20B-D0E186BCDD66}.Release|Any CPU.ActiveCfg = Release|Any CPU
		{4AB496D0-7202-4073-B20B-D0E186BCDD66}.Release|Any CPU.Build.0 = Release|Any CPU
	EndGlobalSection
	GlobalSection(SolutionProperties) = preSolution
		HideSolutionNode = FALSE
	EndGlobalSection
	GlobalSection(ExtensibilityGlobals) = postSolution
		SolutionGuid = {CFB04610-1C9C-4D7F-ACB8-E331AD80FD77}
	EndGlobalSection
EndGlobal
