
Microsoft Visual Studio Solution File, Format Version 12.00
# Visual Studio Version 16
VisualStudioVersion = 16.0.808.4
MinimumVisualStudioVersion = 10.0.40219.1
Project("{FAE04EC0-301F-11D3-BF4B-00C04F79EFBC}") = "MiniSwitch", "MiniSwitch\MiniSwitch.csproj", "{58ACB4A9-4CA4-459A-8EDE-E4D64D4238AA}"
EndProject
Global
	GlobalSection(SolutionConfigurationPlatforms) = preSolution
		Debug|Any CPU = Debug|Any CPU
		Release|Any CPU = Release|Any CPU
	EndGlobalSection
	GlobalSection(ProjectConfigurationPlatforms) = postSolution
		{58ACB4A9-4CA4-459A-8EDE-E4D64D4238AA}.Debug|Any CPU.ActiveCfg = Debug|Any CPU
		{58ACB4A9-4CA4-459A-8EDE-E4D64D4238AA}.Debug|Any CPU.Build.0 = Debug|Any CPU
		{58ACB4A9-4CA4-459A-8EDE-E4D64D4238AA}.Release|Any CPU.ActiveCfg = Release|Any CPU
		{58ACB4A9-4CA4-459A-8EDE-E4D64D4238AA}.Release|Any CPU.Build.0 = Release|Any CPU
	EndGlobalSection
	GlobalSection(SolutionProperties) = preSolution
		HideSolutionNode = FALSE
	EndGlobalSection
	GlobalSection(ExtensibilityGlobals) = postSolution
		SolutionGuid = {70909C28-CBD1-4F35-9CBF-F3B646A8E831}
	EndGlobalSection
EndGlobal
